
Microsoft Visual Studio Solution File, Format Version 12.00
# Visual Studio Version 16
VisualStudioVersion = 16.0.30114.105
MinimumVisualStudioVersion = 10.0.40219.1
Project("{FAE04EC0-301F-11D3-BF4B-00C04F79EFBC}") = "API", "API\API.csproj", "{0C8A5B95-2445-469C-BC0A-7C5C0EE151D0}"
EndProject
Project("{FAE04EC0-301F-11D3-BF4B-00C04F79EFBC}") = "Core", "Core\Core.csproj", "{52186A55-DB43-4A0E-BF0C-A46B5F400144}"
EndProject
Project("{FAE04EC0-301F-11D3-BF4B-00C04F79EFBC}") = "Infrastructure", "Infrastructure\Infrastructure.csproj", "{CD87B35A-994C-468D-BACC-A02C81D8967C}"
EndProject
Global
	GlobalSection(SolutionConfigurationPlatforms) = preSolution
		Debug|Any CPU = Debug|Any CPU
		Release|Any CPU = Release|Any CPU
	EndGlobalSection
	GlobalSection(SolutionProperties) = preSolution
		HideSolutionNode = FALSE
	EndGlobalSection
	GlobalSection(ProjectConfigurationPlatforms) = postSolution
		{0C8A5B95-2445-469C-BC0A-7C5C0EE151D0}.Debug|Any CPU.ActiveCfg = Debug|Any CPU
		{0C8A5B95-2445-469C-BC0A-7C5C0EE151D0}.Debug|Any CPU.Build.0 = Debug|Any CPU
		{0C8A5B95-2445-469C-BC0A-7C5C0EE151D0}.Release|Any CPU.ActiveCfg = Release|Any CPU
		{0C8A5B95-2445-469C-BC0A-7C5C0EE151D0}.Release|Any CPU.Build.0 = Release|Any CPU
		{52186A55-DB43-4A0E-BF0C-A46B5F400144}.Debug|Any CPU.ActiveCfg = Debug|Any CPU
		{52186A55-DB43-4A0E-BF0C-A46B5F400144}.Debug|Any CPU.Build.0 = Debug|Any CPU
		{52186A55-DB43-4A0E-BF0C-A46B5F400144}.Release|Any CPU.ActiveCfg = Release|Any CPU
		{52186A55-DB43-4A0E-BF0C-A46B5F400144}.Release|Any CPU.Build.0 = Release|Any CPU
		{CD87B35A-994C-468D-BACC-A02C81D8967C}.Debug|Any CPU.ActiveCfg = Debug|Any CPU
		{CD87B35A-994C-468D-BACC-A02C81D8967C}.Debug|Any CPU.Build.0 = Debug|Any CPU
		{CD87B35A-994C-468D-BACC-A02C81D8967C}.Release|Any CPU.ActiveCfg = Release|Any CPU
		{CD87B35A-994C-468D-BACC-A02C81D8967C}.Release|Any CPU.Build.0 = Release|Any CPU
	EndGlobalSection
EndGlobal
